
Microsoft Visual Studio Solution File, Format Version 12.00
# Visual Studio 2012
Project("{FAE04EC0-301F-11D3-BF4B-00C04F79EFBC}") = "Lab5", "Lab5\Lab5.csproj", "{1A989E48-615F-4696-A3DA-9FF9869FC4F7}"
EndProject
Global
	GlobalSection(SolutionConfigurationPlatforms) = preSolution
		Debug|iPhoneSimulator = Debug|iPhoneSimulator
		Release|iPhone = Release|iPhone
		Release|iPhoneSimulator = Release|iPhoneSimulator
		Debug|iPhone = Debug|iPhone
	EndGlobalSection
	GlobalSection(ProjectConfigurationPlatforms) = postSolution
		{1A989E48-615F-4696-A3DA-9FF9869FC4F7}.Debug|iPhoneSimulator.ActiveCfg = Debug|iPhoneSimulator
		{1A989E48-615F-4696-A3DA-9FF9869FC4F7}.Debug|iPhoneSimulator.Build.0 = Debug|iPhoneSimulator
		{1A989E48-615F-4696-A3DA-9FF9869FC4F7}.Release|iPhone.ActiveCfg = Release|iPhone
		{1A989E48-615F-4696-A3DA-9FF9869FC4F7}.Release|iPhone.Build.0 = Release|iPhone
		{1A989E48-615F-4696-A3DA-9FF9869FC4F7}.Release|iPhoneSimulator.ActiveCfg = Release|iPhoneSimulator
		{1A989E48-615F-4696-A3DA-9FF9869FC4F7}.Release|iPhoneSimulator.Build.0 = Release|iPhoneSimulator
		{1A989E48-615F-4696-A3DA-9FF9869FC4F7}.Debug|iPhone.ActiveCfg = Debug|iPhone
		{1A989E48-615F-4696-A3DA-9FF9869FC4F7}.Debug|iPhone.Build.0 = Debug|iPhone
	EndGlobalSection
EndGlobal
