
Microsoft Visual Studio Solution File, Format Version 12.00
# Visual Studio 2012
Project("{FAE04EC0-301F-11D3-BF4B-00C04F79EFBC}") = "TermProject", "TermProject.csproj", "{DA3981D8-B133-4379-86A4-7F7100F2FF5C}"
EndProject
Global
	GlobalSection(SolutionConfigurationPlatforms) = preSolution
		Debug|iPhoneSimulator = Debug|iPhoneSimulator
		Release|iPhone = Release|iPhone
		Release|iPhoneSimulator = Release|iPhoneSimulator
		Debug|iPhone = Debug|iPhone
	EndGlobalSection
	GlobalSection(ProjectConfigurationPlatforms) = postSolution
		{DA3981D8-B133-4379-86A4-7F7100F2FF5C}.Debug|iPhoneSimulator.ActiveCfg = Debug|iPhoneSimulator
		{DA3981D8-B133-4379-86A4-7F7100F2FF5C}.Debug|iPhoneSimulator.Build.0 = Debug|iPhoneSimulator
		{DA3981D8-B133-4379-86A4-7F7100F2FF5C}.Release|iPhone.ActiveCfg = Release|iPhone
		{DA3981D8-B133-4379-86A4-7F7100F2FF5C}.Release|iPhone.Build.0 = Release|iPhone
		{DA3981D8-B133-4379-86A4-7F7100F2FF5C}.Release|iPhoneSimulator.ActiveCfg = Release|iPhoneSimulator
		{DA3981D8-B133-4379-86A4-7F7100F2FF5C}.Release|iPhoneSimulator.Build.0 = Release|iPhoneSimulator
		{DA3981D8-B133-4379-86A4-7F7100F2FF5C}.Debug|iPhone.ActiveCfg = Debug|iPhone
		{DA3981D8-B133-4379-86A4-7F7100F2FF5C}.Debug|iPhone.Build.0 = Debug|iPhone
	EndGlobalSection
EndGlobal
